// !$*UTF8*$!
{
	archiveVersion = 1;
	classes = {
	};
	objectVersion = 56;
	objects = {

/* Begin PBXBuildFile section */
		0751CBAC2A8E7239004FA43B /* SingleGameConfigurator.swift in Sources */ = {isa = PBXBuildFile; fileRef = 0751CBAB2A8E7239004FA43B /* SingleGameConfigurator.swift */; };
		0751CBAE2A8E72FC004FA43B /* SingleGamePresenter.swift in Sources */ = {isa = PBXBuildFile; fileRef = 0751CBAD2A8E72FC004FA43B /* SingleGamePresenter.swift */; };
		0751CBB02A8E7F75004FA43B /* SingleGameInteractor.swift in Sources */ = {isa = PBXBuildFile; fileRef = 0751CBAF2A8E7F75004FA43B /* SingleGameInteractor.swift */; };
		0751CBB22A903233004FA43B /* SingleGameRouter.swift in Sources */ = {isa = PBXBuildFile; fileRef = 0751CBB12A903233004FA43B /* SingleGameRouter.swift */; };
		914ACA9F2A7553E2000B53AB /* AppDelegate.swift in Sources */ = {isa = PBXBuildFile; fileRef = 914ACA9E2A7553E2000B53AB /* AppDelegate.swift */; };
		914ACAA12A7553E2000B53AB /* SceneDelegate.swift in Sources */ = {isa = PBXBuildFile; fileRef = 914ACAA02A7553E2000B53AB /* SceneDelegate.swift */; };
		914ACAA32A7553E2000B53AB /* ModeSelectionViewController.swift in Sources */ = {isa = PBXBuildFile; fileRef = 914ACAA22A7553E2000B53AB /* ModeSelectionViewController.swift */; };
		914ACAA82A7553E2000B53AB /* Assets.xcassets in Resources */ = {isa = PBXBuildFile; fileRef = 914ACAA72A7553E2000B53AB /* Assets.xcassets */; };
		914ACAAB2A7553E2000B53AB /* LaunchScreen.storyboard in Resources */ = {isa = PBXBuildFile; fileRef = 914ACAA92A7553E2000B53AB /* LaunchScreen.storyboard */; };
		914ACABA2A755A8A000B53AB /* ModeSelectionRouter.swift in Sources */ = {isa = PBXBuildFile; fileRef = 914ACAB92A755A8A000B53AB /* ModeSelectionRouter.swift */; };
		914ACABE2A755D09000B53AB /* ModeSelectionPresenter.swift in Sources */ = {isa = PBXBuildFile; fileRef = 914ACABD2A755D09000B53AB /* ModeSelectionPresenter.swift */; };
		914ACAC02A755DCC000B53AB /* ModeSelectionInteractor.swift in Sources */ = {isa = PBXBuildFile; fileRef = 914ACABF2A755DCC000B53AB /* ModeSelectionInteractor.swift */; };
		914ACAC52A75890C000B53AB /* ButtonFactory.swift in Sources */ = {isa = PBXBuildFile; fileRef = 914ACAC42A75890C000B53AB /* ButtonFactory.swift */; };
		914ACAC82A825A26000B53AB /* ModeSelectionConfigurator.swift in Sources */ = {isa = PBXBuildFile; fileRef = 914ACAC72A825A26000B53AB /* ModeSelectionConfigurator.swift */; };
		914ACACD2A83B5FF000B53AB /* SingleGameMainScreenViewController.swift in Sources */ = {isa = PBXBuildFile; fileRef = 914ACACC2A83B5FF000B53AB /* SingleGameMainScreenViewController.swift */; };
		914ACAD42A8B6FFF000B53AB /* SingleGameEntity.swift in Sources */ = {isa = PBXBuildFile; fileRef = 914ACAD32A8B6FFF000B53AB /* SingleGameEntity.swift */; };
		914ACAD82A8B7701000B53AB /* NetworkManager.swift in Sources */ = {isa = PBXBuildFile; fileRef = 914ACAD72A8B7701000B53AB /* NetworkManager.swift */; };
		914ACADB2A8BC60C000B53AB /* UserDetailsViewController.swift in Sources */ = {isa = PBXBuildFile; fileRef = 914ACADA2A8BC60C000B53AB /* UserDetailsViewController.swift */; };
		914ACAE22A8BD48C000B53AB /* wordListWithDefinition.json in Resources */ = {isa = PBXBuildFile; fileRef = 914ACAE12A8BD48C000B53AB /* wordListWithDefinition.json */; };
		914ACAE42A8CE76F000B53AB /* UserDetailsPresenter.swift in Sources */ = {isa = PBXBuildFile; fileRef = 914ACAE32A8CE76F000B53AB /* UserDetailsPresenter.swift */; };
		914ACAE62A8CE77F000B53AB /* UserDetailsInteractor.swift in Sources */ = {isa = PBXBuildFile; fileRef = 914ACAE52A8CE77F000B53AB /* UserDetailsInteractor.swift */; };
		914ACAE82A8CE794000B53AB /* UserDetailsRouter.swift in Sources */ = {isa = PBXBuildFile; fileRef = 914ACAE72A8CE794000B53AB /* UserDetailsRouter.swift */; };
		914ACAEA2A8CE7A5000B53AB /* UserDetailsConfigurator.swift in Sources */ = {isa = PBXBuildFile; fileRef = 914ACAE92A8CE7A5000B53AB /* UserDetailsConfigurator.swift */; };
		914ACAEE2A8FE918000B53AB /* LetterButtonsFactory.swift in Sources */ = {isa = PBXBuildFile; fileRef = 914ACAED2A8FE918000B53AB /* LetterButtonsFactory.swift */; };
		914ACAF12A9FDA00000B53AB /* GameOverView.swift in Sources */ = {isa = PBXBuildFile; fileRef = 914ACAF02A9FDA00000B53AB /* GameOverView.swift */; };
		914ACB2D2AAF971D000B53AB /* RegistrationScreenViewController.swift in Sources */ = {isa = PBXBuildFile; fileRef = 914ACB2C2AAF971D000B53AB /* RegistrationScreenViewController.swift */; };
		914ACB302AB4A6F6000B53AB /* KZSupercell-Magic.ttf in Resources */ = {isa = PBXBuildFile; fileRef = 914ACB2F2AB4A6F6000B53AB /* KZSupercell-Magic.ttf */; };
		914ACB322AB4ADC9000B53AB /* GoogleService-Info-2.plist in Resources */ = {isa = PBXBuildFile; fileRef = 914ACB312AB4ADC9000B53AB /* GoogleService-Info-2.plist */; };
		914ACB352AB4AE17000B53AB /* FirebaseAuth in Frameworks */ = {isa = PBXBuildFile; productRef = 914ACB342AB4AE17000B53AB /* FirebaseAuth */; };
		914ACB372AB4AE17000B53AB /* FirebaseAuthCombine-Community in Frameworks */ = {isa = PBXBuildFile; productRef = 914ACB362AB4AE17000B53AB /* FirebaseAuthCombine-Community */; };
		914ACB392AB4AE17000B53AB /* FirebaseDatabase in Frameworks */ = {isa = PBXBuildFile; productRef = 914ACB382AB4AE17000B53AB /* FirebaseDatabase */; };
		914ACB3B2AB4AE17000B53AB /* FirebaseDatabaseSwift in Frameworks */ = {isa = PBXBuildFile; productRef = 914ACB3A2AB4AE17000B53AB /* FirebaseDatabaseSwift */; };
		914ACB3D2AB4AE17000B53AB /* FirebaseDynamicLinks in Frameworks */ = {isa = PBXBuildFile; productRef = 914ACB3C2AB4AE17000B53AB /* FirebaseDynamicLinks */; };
		914ACB3F2AB4AE17000B53AB /* FirebaseFirestore in Frameworks */ = {isa = PBXBuildFile; productRef = 914ACB3E2AB4AE17000B53AB /* FirebaseFirestore */; };
		914ACB412AB4AE17000B53AB /* FirebaseFirestoreCombine-Community in Frameworks */ = {isa = PBXBuildFile; productRef = 914ACB402AB4AE17000B53AB /* FirebaseFirestoreCombine-Community */; };
		914ACB432AB4AE17000B53AB /* FirebaseFirestoreSwift in Frameworks */ = {isa = PBXBuildFile; productRef = 914ACB422AB4AE17000B53AB /* FirebaseFirestoreSwift */; };
		914ACB452AB4AE17000B53AB /* FirebaseFunctions in Frameworks */ = {isa = PBXBuildFile; productRef = 914ACB442AB4AE17000B53AB /* FirebaseFunctions */; };
		914ACB472AB4AE17000B53AB /* FirebaseFunctionsCombine-Community in Frameworks */ = {isa = PBXBuildFile; productRef = 914ACB462AB4AE17000B53AB /* FirebaseFunctionsCombine-Community */; };
		914ACB492AB4AE17000B53AB /* FirebaseInAppMessaging-Beta in Frameworks */ = {isa = PBXBuildFile; productRef = 914ACB482AB4AE17000B53AB /* FirebaseInAppMessaging-Beta */; };
		914ACB4B2AB4AE17000B53AB /* FirebaseInAppMessagingSwift-Beta in Frameworks */ = {isa = PBXBuildFile; productRef = 914ACB4A2AB4AE17000B53AB /* FirebaseInAppMessagingSwift-Beta */; };
		914ACB4D2AB4AE17000B53AB /* FirebaseMessaging in Frameworks */ = {isa = PBXBuildFile; productRef = 914ACB4C2AB4AE17000B53AB /* FirebaseMessaging */; };
		914ACB4F2AB4AE17000B53AB /* FirebaseStorage in Frameworks */ = {isa = PBXBuildFile; productRef = 914ACB4E2AB4AE17000B53AB /* FirebaseStorage */; };
		914ACB512AB4AE17000B53AB /* FirebaseStorageCombine-Community in Frameworks */ = {isa = PBXBuildFile; productRef = 914ACB502AB4AE17000B53AB /* FirebaseStorageCombine-Community */; };
/* End PBXBuildFile section */

/* Begin PBXFileReference section */
		0751CBAB2A8E7239004FA43B /* SingleGameConfigurator.swift */ = {isa = PBXFileReference; lastKnownFileType = sourcecode.swift; path = SingleGameConfigurator.swift; sourceTree = "<group>"; };
		0751CBAD2A8E72FC004FA43B /* SingleGamePresenter.swift */ = {isa = PBXFileReference; lastKnownFileType = sourcecode.swift; path = SingleGamePresenter.swift; sourceTree = "<group>"; };
		0751CBAF2A8E7F75004FA43B /* SingleGameInteractor.swift */ = {isa = PBXFileReference; lastKnownFileType = sourcecode.swift; path = SingleGameInteractor.swift; sourceTree = "<group>"; };
		0751CBB12A903233004FA43B /* SingleGameRouter.swift */ = {isa = PBXFileReference; lastKnownFileType = sourcecode.swift; path = SingleGameRouter.swift; sourceTree = "<group>"; };
		914ACA9B2A7553E2000B53AB /* HangmanVIPER.app */ = {isa = PBXFileReference; explicitFileType = wrapper.application; includeInIndex = 0; path = HangmanVIPER.app; sourceTree = BUILT_PRODUCTS_DIR; };
		914ACA9E2A7553E2000B53AB /* AppDelegate.swift */ = {isa = PBXFileReference; lastKnownFileType = sourcecode.swift; path = AppDelegate.swift; sourceTree = "<group>"; };
		914ACAA02A7553E2000B53AB /* SceneDelegate.swift */ = {isa = PBXFileReference; lastKnownFileType = sourcecode.swift; path = SceneDelegate.swift; sourceTree = "<group>"; };
		914ACAA22A7553E2000B53AB /* ModeSelectionViewController.swift */ = {isa = PBXFileReference; lastKnownFileType = sourcecode.swift; path = ModeSelectionViewController.swift; sourceTree = "<group>"; };
		914ACAA72A7553E2000B53AB /* Assets.xcassets */ = {isa = PBXFileReference; lastKnownFileType = folder.assetcatalog; path = Assets.xcassets; sourceTree = "<group>"; };
		914ACAAA2A7553E2000B53AB /* Base */ = {isa = PBXFileReference; lastKnownFileType = file.storyboard; name = Base; path = Base.lproj/LaunchScreen.storyboard; sourceTree = "<group>"; };
		914ACAAC2A7553E2000B53AB /* Info.plist */ = {isa = PBXFileReference; lastKnownFileType = text.plist.xml; path = Info.plist; sourceTree = "<group>"; };
		914ACAB92A755A8A000B53AB /* ModeSelectionRouter.swift */ = {isa = PBXFileReference; lastKnownFileType = sourcecode.swift; path = ModeSelectionRouter.swift; sourceTree = "<group>"; };
		914ACABD2A755D09000B53AB /* ModeSelectionPresenter.swift */ = {isa = PBXFileReference; lastKnownFileType = sourcecode.swift; path = ModeSelectionPresenter.swift; sourceTree = "<group>"; };
		914ACABF2A755DCC000B53AB /* ModeSelectionInteractor.swift */ = {isa = PBXFileReference; lastKnownFileType = sourcecode.swift; path = ModeSelectionInteractor.swift; sourceTree = "<group>"; };
		914ACAC42A75890C000B53AB /* ButtonFactory.swift */ = {isa = PBXFileReference; lastKnownFileType = sourcecode.swift; path = ButtonFactory.swift; sourceTree = "<group>"; };
		914ACAC72A825A26000B53AB /* ModeSelectionConfigurator.swift */ = {isa = PBXFileReference; lastKnownFileType = sourcecode.swift; path = ModeSelectionConfigurator.swift; sourceTree = "<group>"; };
		914ACACC2A83B5FF000B53AB /* SingleGameMainScreenViewController.swift */ = {isa = PBXFileReference; lastKnownFileType = sourcecode.swift; path = SingleGameMainScreenViewController.swift; sourceTree = "<group>"; };
		914ACAD02A8B6CEC000B53AB /* wordList.txt */ = {isa = PBXFileReference; lastKnownFileType = text; path = wordList.txt; sourceTree = "<group>"; };
		914ACAD32A8B6FFF000B53AB /* SingleGameEntity.swift */ = {isa = PBXFileReference; lastKnownFileType = sourcecode.swift; path = SingleGameEntity.swift; sourceTree = "<group>"; };
		914ACAD72A8B7701000B53AB /* NetworkManager.swift */ = {isa = PBXFileReference; lastKnownFileType = sourcecode.swift; path = NetworkManager.swift; sourceTree = "<group>"; };
		914ACADA2A8BC60C000B53AB /* UserDetailsViewController.swift */ = {isa = PBXFileReference; lastKnownFileType = sourcecode.swift; path = UserDetailsViewController.swift; sourceTree = "<group>"; };
		914ACAE12A8BD48C000B53AB /* wordListWithDefinition.json */ = {isa = PBXFileReference; fileEncoding = 4; lastKnownFileType = text.json; path = wordListWithDefinition.json; sourceTree = "<group>"; };
		914ACAE32A8CE76F000B53AB /* UserDetailsPresenter.swift */ = {isa = PBXFileReference; lastKnownFileType = sourcecode.swift; path = UserDetailsPresenter.swift; sourceTree = "<group>"; };
		914ACAE52A8CE77F000B53AB /* UserDetailsInteractor.swift */ = {isa = PBXFileReference; lastKnownFileType = sourcecode.swift; path = UserDetailsInteractor.swift; sourceTree = "<group>"; };
		914ACAE72A8CE794000B53AB /* UserDetailsRouter.swift */ = {isa = PBXFileReference; lastKnownFileType = sourcecode.swift; path = UserDetailsRouter.swift; sourceTree = "<group>"; };
		914ACAE92A8CE7A5000B53AB /* UserDetailsConfigurator.swift */ = {isa = PBXFileReference; lastKnownFileType = sourcecode.swift; path = UserDetailsConfigurator.swift; sourceTree = "<group>"; };
		914ACAED2A8FE918000B53AB /* LetterButtonsFactory.swift */ = {isa = PBXFileReference; lastKnownFileType = sourcecode.swift; path = LetterButtonsFactory.swift; sourceTree = "<group>"; };
		914ACAF02A9FDA00000B53AB /* GameOverView.swift */ = {isa = PBXFileReference; lastKnownFileType = sourcecode.swift; path = GameOverView.swift; sourceTree = "<group>"; };
		914ACB2C2AAF971D000B53AB /* RegistrationScreenViewController.swift */ = {isa = PBXFileReference; lastKnownFileType = sourcecode.swift; path = RegistrationScreenViewController.swift; sourceTree = "<group>"; };
		914ACB2F2AB4A6F6000B53AB /* KZSupercell-Magic.ttf */ = {isa = PBXFileReference; lastKnownFileType = file; path = "KZSupercell-Magic.ttf"; sourceTree = "<group>"; };
		914ACB312AB4ADC9000B53AB /* GoogleService-Info-2.plist */ = {isa = PBXFileReference; fileEncoding = 4; lastKnownFileType = text.plist.xml; path = "GoogleService-Info-2.plist"; sourceTree = "<group>"; };
/* End PBXFileReference section */

/* Begin PBXFrameworksBuildPhase section */
		914ACA982A7553E2000B53AB /* Frameworks */ = {
			isa = PBXFrameworksBuildPhase;
			buildActionMask = 2147483647;
			files = (
				914ACB3B2AB4AE17000B53AB /* FirebaseDatabaseSwift in Frameworks */,
				914ACB392AB4AE17000B53AB /* FirebaseDatabase in Frameworks */,
				914ACB352AB4AE17000B53AB /* FirebaseAuth in Frameworks */,
				914ACB472AB4AE17000B53AB /* FirebaseFunctionsCombine-Community in Frameworks */,
				914ACB452AB4AE17000B53AB /* FirebaseFunctions in Frameworks */,
				914ACB372AB4AE17000B53AB /* FirebaseAuthCombine-Community in Frameworks */,
				914ACB492AB4AE17000B53AB /* FirebaseInAppMessaging-Beta in Frameworks */,
				914ACB512AB4AE17000B53AB /* FirebaseStorageCombine-Community in Frameworks */,
				914ACB3D2AB4AE17000B53AB /* FirebaseDynamicLinks in Frameworks */,
				914ACB4D2AB4AE17000B53AB /* FirebaseMessaging in Frameworks */,
				914ACB3F2AB4AE17000B53AB /* FirebaseFirestore in Frameworks */,
				914ACB412AB4AE17000B53AB /* FirebaseFirestoreCombine-Community in Frameworks */,
				914ACB4F2AB4AE17000B53AB /* FirebaseStorage in Frameworks */,
				914ACB4B2AB4AE17000B53AB /* FirebaseInAppMessagingSwift-Beta in Frameworks */,
				914ACB432AB4AE17000B53AB /* FirebaseFirestoreSwift in Frameworks */,
			);
			runOnlyForDeploymentPostprocessing = 0;
		};
/* End PBXFrameworksBuildPhase section */

/* Begin PBXGroup section */
		914ACA922A7553E2000B53AB = {
			isa = PBXGroup;
			children = (
				914ACA9D2A7553E2000B53AB /* HangmanVIPER */,
				914ACA9C2A7553E2000B53AB /* Products */,
			);
			sourceTree = "<group>";
		};
		914ACA9C2A7553E2000B53AB /* Products */ = {
			isa = PBXGroup;
			children = (
				914ACA9B2A7553E2000B53AB /* HangmanVIPER.app */,
			);
			name = Products;
			sourceTree = "<group>";
		};
		914ACA9D2A7553E2000B53AB /* HangmanVIPER */ = {
			isa = PBXGroup;
			children = (
				914ACAC32A7588F6000B53AB /* Helpers */,
				914ACAC12A7588A1000B53AB /* Modules */,
				914ACAB22A755963000B53AB /* App */,
				914ACAC22A7588C6000B53AB /* Resources */,
				914ACAA92A7553E2000B53AB /* LaunchScreen.storyboard */,
			);
			path = HangmanVIPER;
			sourceTree = "<group>";
		};
		914ACAB22A755963000B53AB /* App */ = {
			isa = PBXGroup;
			children = (
				914ACB312AB4ADC9000B53AB /* GoogleService-Info-2.plist */,
				914ACA9E2A7553E2000B53AB /* AppDelegate.swift */,
				914ACAA02A7553E2000B53AB /* SceneDelegate.swift */,
				914ACAAC2A7553E2000B53AB /* Info.plist */,
			);
			path = App;
			sourceTree = "<group>";
		};
		914ACAB32A7559B9000B53AB /* ModeSelectionModule */ = {
			isa = PBXGroup;
			children = (
				914ACAC62A825A07000B53AB /* Configurator */,
				914ACAB42A7559F1000B53AB /* Router */,
				914ACAB62A755A11000B53AB /* Interactor */,
				914ACAB72A755A24000B53AB /* Presenter */,
				914ACAB82A755A2F000B53AB /* View */,
			);
			path = ModeSelectionModule;
			sourceTree = "<group>";
		};
		914ACAB42A7559F1000B53AB /* Router */ = {
			isa = PBXGroup;
			children = (
				914ACAB92A755A8A000B53AB /* ModeSelectionRouter.swift */,
			);
			path = Router;
			sourceTree = "<group>";
		};
		914ACAB62A755A11000B53AB /* Interactor */ = {
			isa = PBXGroup;
			children = (
				914ACABF2A755DCC000B53AB /* ModeSelectionInteractor.swift */,
			);
			path = Interactor;
			sourceTree = "<group>";
		};
		914ACAB72A755A24000B53AB /* Presenter */ = {
			isa = PBXGroup;
			children = (
				914ACABD2A755D09000B53AB /* ModeSelectionPresenter.swift */,
			);
			path = Presenter;
			sourceTree = "<group>";
		};
		914ACAB82A755A2F000B53AB /* View */ = {
			isa = PBXGroup;
			children = (
				914ACAA22A7553E2000B53AB /* ModeSelectionViewController.swift */,
			);
			path = View;
			sourceTree = "<group>";
		};
		914ACAC12A7588A1000B53AB /* Modules */ = {
			isa = PBXGroup;
			children = (
				914ACB2B2AAF96C9000B53AB /* RegistrationModule */,
				914ACAD92A8BC5EB000B53AB /* UserDetailsModule */,
				914ACAC92A83B595000B53AB /* SingleGameMainModule */,
				914ACAB32A7559B9000B53AB /* ModeSelectionModule */,
			);
			path = Modules;
			sourceTree = "<group>";
		};
		914ACAC22A7588C6000B53AB /* Resources */ = {
			isa = PBXGroup;
			children = (
				914ACB2E2AB4A6E0000B53AB /* Fonts */,
				914ACAE12A8BD48C000B53AB /* wordListWithDefinition.json */,
				914ACAA72A7553E2000B53AB /* Assets.xcassets */,
				914ACAD02A8B6CEC000B53AB /* wordList.txt */,
			);
			path = Resources;
			sourceTree = "<group>";
		};
		914ACAC32A7588F6000B53AB /* Helpers */ = {
			isa = PBXGroup;
			children = (
				914ACAC42A75890C000B53AB /* ButtonFactory.swift */,
				914ACAED2A8FE918000B53AB /* LetterButtonsFactory.swift */,
				914ACAD72A8B7701000B53AB /* NetworkManager.swift */,
			);
			path = Helpers;
			sourceTree = "<group>";
		};
		914ACAC62A825A07000B53AB /* Configurator */ = {
			isa = PBXGroup;
			children = (
				914ACAC72A825A26000B53AB /* ModeSelectionConfigurator.swift */,
			);
			path = Configurator;
			sourceTree = "<group>";
		};
		914ACAC92A83B595000B53AB /* SingleGameMainModule */ = {
			isa = PBXGroup;
			children = (
				914ACAEF2A9FD9D8000B53AB /* View */,
				914ACAD32A8B6FFF000B53AB /* SingleGameEntity.swift */,
				0751CBAB2A8E7239004FA43B /* SingleGameConfigurator.swift */,
				0751CBAD2A8E72FC004FA43B /* SingleGamePresenter.swift */,
				0751CBAF2A8E7F75004FA43B /* SingleGameInteractor.swift */,
				0751CBB12A903233004FA43B /* SingleGameRouter.swift */,
			);
			path = SingleGameMainModule;
			sourceTree = "<group>";
		};
		914ACAD92A8BC5EB000B53AB /* UserDetailsModule */ = {
			isa = PBXGroup;
			children = (
				914ACAE92A8CE7A5000B53AB /* UserDetailsConfigurator.swift */,
				914ACAE72A8CE794000B53AB /* UserDetailsRouter.swift */,
				914ACAE52A8CE77F000B53AB /* UserDetailsInteractor.swift */,
				914ACAE32A8CE76F000B53AB /* UserDetailsPresenter.swift */,
				914ACADA2A8BC60C000B53AB /* UserDetailsViewController.swift */,
			);
			path = UserDetailsModule;
			sourceTree = "<group>";
		};
		914ACAEF2A9FD9D8000B53AB /* View */ = {
			isa = PBXGroup;
			children = (
				914ACACC2A83B5FF000B53AB /* SingleGameMainScreenViewController.swift */,
				914ACAF02A9FDA00000B53AB /* GameOverView.swift */,
			);
			path = View;
			sourceTree = "<group>";
		};
		914ACB2B2AAF96C9000B53AB /* RegistrationModule */ = {
			isa = PBXGroup;
			children = (
				914ACB2C2AAF971D000B53AB /* RegistrationScreenViewController.swift */,
			);
			path = RegistrationModule;
			sourceTree = "<group>";
		};
		914ACB2E2AB4A6E0000B53AB /* Fonts */ = {
			isa = PBXGroup;
			children = (
				914ACB2F2AB4A6F6000B53AB /* KZSupercell-Magic.ttf */,
			);
			path = Fonts;
			sourceTree = "<group>";
		};
/* End PBXGroup section */

/* Begin PBXNativeTarget section */
		914ACA9A2A7553E2000B53AB /* HangmanVIPER */ = {
			isa = PBXNativeTarget;
			buildConfigurationList = 914ACAAF2A7553E2000B53AB /* Build configuration list for PBXNativeTarget "HangmanVIPER" */;
			buildPhases = (
				914ACA972A7553E2000B53AB /* Sources */,
				914ACA982A7553E2000B53AB /* Frameworks */,
				914ACA992A7553E2000B53AB /* Resources */,
			);
			buildRules = (
			);
			dependencies = (
			);
			name = HangmanVIPER;
			packageProductDependencies = (
				914ACB342AB4AE17000B53AB /* FirebaseAuth */,
				914ACB362AB4AE17000B53AB /* FirebaseAuthCombine-Community */,
				914ACB382AB4AE17000B53AB /* FirebaseDatabase */,
				914ACB3A2AB4AE17000B53AB /* FirebaseDatabaseSwift */,
				914ACB3C2AB4AE17000B53AB /* FirebaseDynamicLinks */,
				914ACB3E2AB4AE17000B53AB /* FirebaseFirestore */,
				914ACB402AB4AE17000B53AB /* FirebaseFirestoreCombine-Community */,
				914ACB422AB4AE17000B53AB /* FirebaseFirestoreSwift */,
				914ACB442AB4AE17000B53AB /* FirebaseFunctions */,
				914ACB462AB4AE17000B53AB /* FirebaseFunctionsCombine-Community */,
				914ACB482AB4AE17000B53AB /* FirebaseInAppMessaging-Beta */,
				914ACB4A2AB4AE17000B53AB /* FirebaseInAppMessagingSwift-Beta */,
				914ACB4C2AB4AE17000B53AB /* FirebaseMessaging */,
				914ACB4E2AB4AE17000B53AB /* FirebaseStorage */,
				914ACB502AB4AE17000B53AB /* FirebaseStorageCombine-Community */,
			);
			productName = HangmanVIPER;
			productReference = 914ACA9B2A7553E2000B53AB /* HangmanVIPER.app */;
			productType = "com.apple.product-type.application";
		};
/* End PBXNativeTarget section */

/* Begin PBXProject section */
		914ACA932A7553E2000B53AB /* Project object */ = {
			isa = PBXProject;
			attributes = {
				BuildIndependentTargetsInParallel = 1;
				LastSwiftUpdateCheck = 1430;
				LastUpgradeCheck = 1430;
				TargetAttributes = {
					914ACA9A2A7553E2000B53AB = {
						CreatedOnToolsVersion = 14.3.1;
					};
				};
			};
			buildConfigurationList = 914ACA962A7553E2000B53AB /* Build configuration list for PBXProject "HangmanVIPER" */;
			compatibilityVersion = "Xcode 14.0";
			developmentRegion = en;
			hasScannedForEncodings = 0;
			knownRegions = (
				en,
				Base,
			);
			mainGroup = 914ACA922A7553E2000B53AB;
			packageReferences = (
				914ACB332AB4AE16000B53AB /* XCRemoteSwiftPackageReference "firebase-ios-sdk" */,
			);
			productRefGroup = 914ACA9C2A7553E2000B53AB /* Products */;
			projectDirPath = "";
			projectRoot = "";
			targets = (
				914ACA9A2A7553E2000B53AB /* HangmanVIPER */,
			);
		};
/* End PBXProject section */

/* Begin PBXResourcesBuildPhase section */
		914ACA992A7553E2000B53AB /* Resources */ = {
			isa = PBXResourcesBuildPhase;
			buildActionMask = 2147483647;
			files = (
				914ACB322AB4ADC9000B53AB /* GoogleService-Info-2.plist in Resources */,
				914ACAAB2A7553E2000B53AB /* LaunchScreen.storyboard in Resources */,
				914ACAE22A8BD48C000B53AB /* wordListWithDefinition.json in Resources */,
				914ACAA82A7553E2000B53AB /* Assets.xcassets in Resources */,
				914ACB302AB4A6F6000B53AB /* KZSupercell-Magic.ttf in Resources */,
			);
			runOnlyForDeploymentPostprocessing = 0;
		};
/* End PBXResourcesBuildPhase section */

/* Begin PBXSourcesBuildPhase section */
		914ACA972A7553E2000B53AB /* Sources */ = {
			isa = PBXSourcesBuildPhase;
			buildActionMask = 2147483647;
			files = (
				914ACAEA2A8CE7A5000B53AB /* UserDetailsConfigurator.swift in Sources */,
				0751CBB02A8E7F75004FA43B /* SingleGameInteractor.swift in Sources */,
				914ACAC02A755DCC000B53AB /* ModeSelectionInteractor.swift in Sources */,
				914ACABA2A755A8A000B53AB /* ModeSelectionRouter.swift in Sources */,
				914ACADB2A8BC60C000B53AB /* UserDetailsViewController.swift in Sources */,
				914ACAC82A825A26000B53AB /* ModeSelectionConfigurator.swift in Sources */,
				914ACAC52A75890C000B53AB /* ButtonFactory.swift in Sources */,
				914ACAE42A8CE76F000B53AB /* UserDetailsPresenter.swift in Sources */,
				914ACAD82A8B7701000B53AB /* NetworkManager.swift in Sources */,
				0751CBAE2A8E72FC004FA43B /* SingleGamePresenter.swift in Sources */,
				914ACACD2A83B5FF000B53AB /* SingleGameMainScreenViewController.swift in Sources */,
				914ACAE82A8CE794000B53AB /* UserDetailsRouter.swift in Sources */,
				914ACAF12A9FDA00000B53AB /* GameOverView.swift in Sources */,
				914ACAEE2A8FE918000B53AB /* LetterButtonsFactory.swift in Sources */,
				914ACB2D2AAF971D000B53AB /* RegistrationScreenViewController.swift in Sources */,
				914ACAD42A8B6FFF000B53AB /* SingleGameEntity.swift in Sources */,
				0751CBAC2A8E7239004FA43B /* SingleGameConfigurator.swift in Sources */,
				914ACAA32A7553E2000B53AB /* ModeSelectionViewController.swift in Sources */,
				914ACAE62A8CE77F000B53AB /* UserDetailsInteractor.swift in Sources */,
				914ACA9F2A7553E2000B53AB /* AppDelegate.swift in Sources */,
				914ACAA12A7553E2000B53AB /* SceneDelegate.swift in Sources */,
				0751CBB22A903233004FA43B /* SingleGameRouter.swift in Sources */,
				914ACABE2A755D09000B53AB /* ModeSelectionPresenter.swift in Sources */,
			);
			runOnlyForDeploymentPostprocessing = 0;
		};
/* End PBXSourcesBuildPhase section */

/* Begin PBXVariantGroup section */
		914ACAA92A7553E2000B53AB /* LaunchScreen.storyboard */ = {
			isa = PBXVariantGroup;
			children = (
				914ACAAA2A7553E2000B53AB /* Base */,
			);
			name = LaunchScreen.storyboard;
			sourceTree = "<group>";
		};
/* End PBXVariantGroup section */

/* Begin XCBuildConfiguration section */
		914ACAAD2A7553E2000B53AB /* Debug */ = {
			isa = XCBuildConfiguration;
			buildSettings = {
				ALWAYS_SEARCH_USER_PATHS = NO;
				CLANG_ANALYZER_NONNULL = YES;
				CLANG_ANALYZER_NUMBER_OBJECT_CONVERSION = YES_AGGRESSIVE;
				CLANG_CXX_LANGUAGE_STANDARD = "gnu++20";
				CLANG_ENABLE_MODULES = YES;
				CLANG_ENABLE_OBJC_ARC = YES;
				CLANG_ENABLE_OBJC_WEAK = YES;
				CLANG_WARN_BLOCK_CAPTURE_AUTORELEASING = YES;
				CLANG_WARN_BOOL_CONVERSION = YES;
				CLANG_WARN_COMMA = YES;
				CLANG_WARN_CONSTANT_CONVERSION = YES;
				CLANG_WARN_DEPRECATED_OBJC_IMPLEMENTATIONS = YES;
				CLANG_WARN_DIRECT_OBJC_ISA_USAGE = YES_ERROR;
				CLANG_WARN_DOCUMENTATION_COMMENTS = YES;
				CLANG_WARN_EMPTY_BODY = YES;
				CLANG_WARN_ENUM_CONVERSION = YES;
				CLANG_WARN_INFINITE_RECURSION = YES;
				CLANG_WARN_INT_CONVERSION = YES;
				CLANG_WARN_NON_LITERAL_NULL_CONVERSION = YES;
				CLANG_WARN_OBJC_IMPLICIT_RETAIN_SELF = YES;
				CLANG_WARN_OBJC_LITERAL_CONVERSION = YES;
				CLANG_WARN_OBJC_ROOT_CLASS = YES_ERROR;
				CLANG_WARN_QUOTED_INCLUDE_IN_FRAMEWORK_HEADER = YES;
				CLANG_WARN_RANGE_LOOP_ANALYSIS = YES;
				CLANG_WARN_STRICT_PROTOTYPES = YES;
				CLANG_WARN_SUSPICIOUS_MOVE = YES;
				CLANG_WARN_UNGUARDED_AVAILABILITY = YES_AGGRESSIVE;
				CLANG_WARN_UNREACHABLE_CODE = YES;
				CLANG_WARN__DUPLICATE_METHOD_MATCH = YES;
				COPY_PHASE_STRIP = NO;
				DEBUG_INFORMATION_FORMAT = dwarf;
				ENABLE_STRICT_OBJC_MSGSEND = YES;
				ENABLE_TESTABILITY = YES;
				GCC_C_LANGUAGE_STANDARD = gnu11;
				GCC_DYNAMIC_NO_PIC = NO;
				GCC_NO_COMMON_BLOCKS = YES;
				GCC_OPTIMIZATION_LEVEL = 0;
				GCC_PREPROCESSOR_DEFINITIONS = (
					"DEBUG=1",
					"$(inherited)",
				);
				GCC_WARN_64_TO_32_BIT_CONVERSION = YES;
				GCC_WARN_ABOUT_RETURN_TYPE = YES_ERROR;
				GCC_WARN_UNDECLARED_SELECTOR = YES;
				GCC_WARN_UNINITIALIZED_AUTOS = YES_AGGRESSIVE;
				GCC_WARN_UNUSED_FUNCTION = YES;
				GCC_WARN_UNUSED_VARIABLE = YES;
				IPHONEOS_DEPLOYMENT_TARGET = 16.4;
				MTL_ENABLE_DEBUG_INFO = INCLUDE_SOURCE;
				MTL_FAST_MATH = YES;
				ONLY_ACTIVE_ARCH = YES;
				SDKROOT = iphoneos;
				SWIFT_ACTIVE_COMPILATION_CONDITIONS = DEBUG;
				SWIFT_OPTIMIZATION_LEVEL = "-Onone";
			};
			name = Debug;
		};
		914ACAAE2A7553E2000B53AB /* Release */ = {
			isa = XCBuildConfiguration;
			buildSettings = {
				ALWAYS_SEARCH_USER_PATHS = NO;
				CLANG_ANALYZER_NONNULL = YES;
				CLANG_ANALYZER_NUMBER_OBJECT_CONVERSION = YES_AGGRESSIVE;
				CLANG_CXX_LANGUAGE_STANDARD = "gnu++20";
				CLANG_ENABLE_MODULES = YES;
				CLANG_ENABLE_OBJC_ARC = YES;
				CLANG_ENABLE_OBJC_WEAK = YES;
				CLANG_WARN_BLOCK_CAPTURE_AUTORELEASING = YES;
				CLANG_WARN_BOOL_CONVERSION = YES;
				CLANG_WARN_COMMA = YES;
				CLANG_WARN_CONSTANT_CONVERSION = YES;
				CLANG_WARN_DEPRECATED_OBJC_IMPLEMENTATIONS = YES;
				CLANG_WARN_DIRECT_OBJC_ISA_USAGE = YES_ERROR;
				CLANG_WARN_DOCUMENTATION_COMMENTS = YES;
				CLANG_WARN_EMPTY_BODY = YES;
				CLANG_WARN_ENUM_CONVERSION = YES;
				CLANG_WARN_INFINITE_RECURSION = YES;
				CLANG_WARN_INT_CONVERSION = YES;
				CLANG_WARN_NON_LITERAL_NULL_CONVERSION = YES;
				CLANG_WARN_OBJC_IMPLICIT_RETAIN_SELF = YES;
				CLANG_WARN_OBJC_LITERAL_CONVERSION = YES;
				CLANG_WARN_OBJC_ROOT_CLASS = YES_ERROR;
				CLANG_WARN_QUOTED_INCLUDE_IN_FRAMEWORK_HEADER = YES;
				CLANG_WARN_RANGE_LOOP_ANALYSIS = YES;
				CLANG_WARN_STRICT_PROTOTYPES = YES;
				CLANG_WARN_SUSPICIOUS_MOVE = YES;
				CLANG_WARN_UNGUARDED_AVAILABILITY = YES_AGGRESSIVE;
				CLANG_WARN_UNREACHABLE_CODE = YES;
				CLANG_WARN__DUPLICATE_METHOD_MATCH = YES;
				COPY_PHASE_STRIP = NO;
				DEBUG_INFORMATION_FORMAT = "dwarf-with-dsym";
				ENABLE_NS_ASSERTIONS = NO;
				ENABLE_STRICT_OBJC_MSGSEND = YES;
				GCC_C_LANGUAGE_STANDARD = gnu11;
				GCC_NO_COMMON_BLOCKS = YES;
				GCC_WARN_64_TO_32_BIT_CONVERSION = YES;
				GCC_WARN_ABOUT_RETURN_TYPE = YES_ERROR;
				GCC_WARN_UNDECLARED_SELECTOR = YES;
				GCC_WARN_UNINITIALIZED_AUTOS = YES_AGGRESSIVE;
				GCC_WARN_UNUSED_FUNCTION = YES;
				GCC_WARN_UNUSED_VARIABLE = YES;
				IPHONEOS_DEPLOYMENT_TARGET = 16.4;
				MTL_ENABLE_DEBUG_INFO = NO;
				MTL_FAST_MATH = YES;
				SDKROOT = iphoneos;
				SWIFT_COMPILATION_MODE = wholemodule;
				SWIFT_OPTIMIZATION_LEVEL = "-O";
				VALIDATE_PRODUCT = YES;
			};
			name = Release;
		};
		914ACAB02A7553E2000B53AB /* Debug */ = {
			isa = XCBuildConfiguration;
			buildSettings = {
				ASSETCATALOG_COMPILER_APPICON_NAME = AppIcon;
				ASSETCATALOG_COMPILER_GLOBAL_ACCENT_COLOR_NAME = AccentColor;
				CODE_SIGN_STYLE = Automatic;
				CURRENT_PROJECT_VERSION = 1;
				DEVELOPMENT_TEAM = Q3W8P7J6DJ;
				GENERATE_INFOPLIST_FILE = YES;
				INFOPLIST_FILE = HangmanVIPER/App/Info.plist;
				INFOPLIST_KEY_UIApplicationSupportsIndirectInputEvents = YES;
				INFOPLIST_KEY_UILaunchStoryboardName = LaunchScreen;
				INFOPLIST_KEY_UISupportedInterfaceOrientations = UIInterfaceOrientationPortrait;
				INFOPLIST_KEY_UISupportedInterfaceOrientations_iPad = "UIInterfaceOrientationLandscapeLeft UIInterfaceOrientationLandscapeRight UIInterfaceOrientationPortrait UIInterfaceOrientationPortraitUpsideDown";
				LD_RUNPATH_SEARCH_PATHS = (
					"$(inherited)",
					"@executable_path/Frameworks",
				);
				MARKETING_VERSION = 1.0;
				PRODUCT_BUNDLE_IDENTIFIER = DreamTeam.HangmanVIPER;
				PRODUCT_NAME = "$(TARGET_NAME)";
				SUPPORTED_PLATFORMS = "iphoneos iphonesimulator";
				SUPPORTS_MACCATALYST = NO;
				SUPPORTS_MAC_DESIGNED_FOR_IPHONE_IPAD = NO;
				SWIFT_EMIT_LOC_STRINGS = YES;
				SWIFT_VERSION = 5.0;
				TARGETED_DEVICE_FAMILY = 1;
			};
			name = Debug;
		};
		914ACAB12A7553E2000B53AB /* Release */ = {
			isa = XCBuildConfiguration;
			buildSettings = {
				ASSETCATALOG_COMPILER_APPICON_NAME = AppIcon;
				ASSETCATALOG_COMPILER_GLOBAL_ACCENT_COLOR_NAME = AccentColor;
				CODE_SIGN_STYLE = Automatic;
				CURRENT_PROJECT_VERSION = 1;
				DEVELOPMENT_TEAM = Q3W8P7J6DJ;
				GENERATE_INFOPLIST_FILE = YES;
				INFOPLIST_FILE = HangmanVIPER/App/Info.plist;
				INFOPLIST_KEY_UIApplicationSupportsIndirectInputEvents = YES;
				INFOPLIST_KEY_UILaunchStoryboardName = LaunchScreen;
				INFOPLIST_KEY_UISupportedInterfaceOrientations = UIInterfaceOrientationPortrait;
				INFOPLIST_KEY_UISupportedInterfaceOrientations_iPad = "UIInterfaceOrientationLandscapeLeft UIInterfaceOrientationLandscapeRight UIInterfaceOrientationPortrait UIInterfaceOrientationPortraitUpsideDown";
				LD_RUNPATH_SEARCH_PATHS = (
					"$(inherited)",
					"@executable_path/Frameworks",
				);
				MARKETING_VERSION = 1.0;
				PRODUCT_BUNDLE_IDENTIFIER = DreamTeam.HangmanVIPER;
				PRODUCT_NAME = "$(TARGET_NAME)";
				SUPPORTED_PLATFORMS = "iphoneos iphonesimulator";
				SUPPORTS_MACCATALYST = NO;
				SUPPORTS_MAC_DESIGNED_FOR_IPHONE_IPAD = NO;
				SWIFT_EMIT_LOC_STRINGS = YES;
				SWIFT_VERSION = 5.0;
				TARGETED_DEVICE_FAMILY = 1;
			};
			name = Release;
		};
/* End XCBuildConfiguration section */

/* Begin XCConfigurationList section */
		914ACA962A7553E2000B53AB /* Build configuration list for PBXProject "HangmanVIPER" */ = {
			isa = XCConfigurationList;
			buildConfigurations = (
				914ACAAD2A7553E2000B53AB /* Debug */,
				914ACAAE2A7553E2000B53AB /* Release */,
			);
			defaultConfigurationIsVisible = 0;
			defaultConfigurationName = Release;
		};
		914ACAAF2A7553E2000B53AB /* Build configuration list for PBXNativeTarget "HangmanVIPER" */ = {
			isa = XCConfigurationList;
			buildConfigurations = (
				914ACAB02A7553E2000B53AB /* Debug */,
				914ACAB12A7553E2000B53AB /* Release */,
			);
			defaultConfigurationIsVisible = 0;
			defaultConfigurationName = Release;
		};
/* End XCConfigurationList section */

/* Begin XCRemoteSwiftPackageReference section */
		914ACB332AB4AE16000B53AB /* XCRemoteSwiftPackageReference "firebase-ios-sdk" */ = {
			isa = XCRemoteSwiftPackageReference;
			repositoryURL = "https://github.com/firebase/firebase-ios-sdk";
			requirement = {
				kind = upToNextMajorVersion;
				minimumVersion = 10.0.0;
			};
		};
/* End XCRemoteSwiftPackageReference section */

/* Begin XCSwiftPackageProductDependency section */
		914ACB342AB4AE17000B53AB /* FirebaseAuth */ = {
			isa = XCSwiftPackageProductDependency;
			package = 914ACB332AB4AE16000B53AB /* XCRemoteSwiftPackageReference "firebase-ios-sdk" */;
			productName = FirebaseAuth;
		};
		914ACB362AB4AE17000B53AB /* FirebaseAuthCombine-Community */ = {
			isa = XCSwiftPackageProductDependency;
			package = 914ACB332AB4AE16000B53AB /* XCRemoteSwiftPackageReference "firebase-ios-sdk" */;
			productName = "FirebaseAuthCombine-Community";
		};
		914ACB382AB4AE17000B53AB /* FirebaseDatabase */ = {
			isa = XCSwiftPackageProductDependency;
			package = 914ACB332AB4AE16000B53AB /* XCRemoteSwiftPackageReference "firebase-ios-sdk" */;
			productName = FirebaseDatabase;
		};
		914ACB3A2AB4AE17000B53AB /* FirebaseDatabaseSwift */ = {
			isa = XCSwiftPackageProductDependency;
			package = 914ACB332AB4AE16000B53AB /* XCRemoteSwiftPackageReference "firebase-ios-sdk" */;
			productName = FirebaseDatabaseSwift;
		};
		914ACB3C2AB4AE17000B53AB /* FirebaseDynamicLinks */ = {
			isa = XCSwiftPackageProductDependency;
			package = 914ACB332AB4AE16000B53AB /* XCRemoteSwiftPackageReference "firebase-ios-sdk" */;
			productName = FirebaseDynamicLinks;
		};
		914ACB3E2AB4AE17000B53AB /* FirebaseFirestore */ = {
			isa = XCSwiftPackageProductDependency;
			package = 914ACB332AB4AE16000B53AB /* XCRemoteSwiftPackageReference "firebase-ios-sdk" */;
			productName = FirebaseFirestore;
		};
		914ACB402AB4AE17000B53AB /* FirebaseFirestoreCombine-Community */ = {
			isa = XCSwiftPackageProductDependency;
			package = 914ACB332AB4AE16000B53AB /* XCRemoteSwiftPackageReference "firebase-ios-sdk" */;
			productName = "FirebaseFirestoreCombine-Community";
		};
		914ACB422AB4AE17000B53AB /* FirebaseFirestoreSwift */ = {
			isa = XCSwiftPackageProductDependency;
			package = 914ACB332AB4AE16000B53AB /* XCRemoteSwiftPackageReference "firebase-ios-sdk" */;
			productName = FirebaseFirestoreSwift;
		};
		914ACB442AB4AE17000B53AB /* FirebaseFunctions */ = {
			isa = XCSwiftPackageProductDependency;
			package = 914ACB332AB4AE16000B53AB /* XCRemoteSwiftPackageReference "firebase-ios-sdk" */;
			productName = FirebaseFunctions;
		};
		914ACB462AB4AE17000B53AB /* FirebaseFunctionsCombine-Community */ = {
			isa = XCSwiftPackageProductDependency;
			package = 914ACB332AB4AE16000B53AB /* XCRemoteSwiftPackageReference "firebase-ios-sdk" */;
			productName = "FirebaseFunctionsCombine-Community";
		};
		914ACB482AB4AE17000B53AB /* FirebaseInAppMessaging-Beta */ = {
			isa = XCSwiftPackageProductDependency;
			package = 914ACB332AB4AE16000B53AB /* XCRemoteSwiftPackageReference "firebase-ios-sdk" */;
			productName = "FirebaseInAppMessaging-Beta";
		};
		914ACB4A2AB4AE17000B53AB /* FirebaseInAppMessagingSwift-Beta */ = {
			isa = XCSwiftPackageProductDependency;
			package = 914ACB332AB4AE16000B53AB /* XCRemoteSwiftPackageReference "firebase-ios-sdk" */;
			productName = "FirebaseInAppMessagingSwift-Beta";
		};
		914ACB4C2AB4AE17000B53AB /* FirebaseMessaging */ = {
			isa = XCSwiftPackageProductDependency;
			package = 914ACB332AB4AE16000B53AB /* XCRemoteSwiftPackageReference "firebase-ios-sdk" */;
			productName = FirebaseMessaging;
		};
		914ACB4E2AB4AE17000B53AB /* FirebaseStorage */ = {
			isa = XCSwiftPackageProductDependency;
			package = 914ACB332AB4AE16000B53AB /* XCRemoteSwiftPackageReference "firebase-ios-sdk" */;
			productName = FirebaseStorage;
		};
		914ACB502AB4AE17000B53AB /* FirebaseStorageCombine-Community */ = {
			isa = XCSwiftPackageProductDependency;
			package = 914ACB332AB4AE16000B53AB /* XCRemoteSwiftPackageReference "firebase-ios-sdk" */;
			productName = "FirebaseStorageCombine-Community";
		};
/* End XCSwiftPackageProductDependency section */
	};
	rootObject = 914ACA932A7553E2000B53AB /* Project object */;
}
